
Microsoft Visual Studio Solution File, Format Version 12.00
Project("{FAE04EC0-301F-11D3-BF4B-00C04F79EFBC}") = "SpawnConverter", "SpawnConverter\SpawnConverter.csproj", "{126243F3-0E6F-4B14-980A-3FF63F4B93FB}"
EndProject
Global
	GlobalSection(SolutionConfigurationPlatforms) = preSolution
		Debug|Any CPU = Debug|Any CPU
		Release|Any CPU = Release|Any CPU
	EndGlobalSection
	GlobalSection(ProjectConfigurationPlatforms) = postSolution
		{126243F3-0E6F-4B14-980A-3FF63F4B93FB}.Debug|Any CPU.ActiveCfg = Debug|Any CPU
		{126243F3-0E6F-4B14-980A-3FF63F4B93FB}.Debug|Any CPU.Build.0 = Debug|Any CPU
		{126243F3-0E6F-4B14-980A-3FF63F4B93FB}.Release|Any CPU.ActiveCfg = Release|Any CPU
		{126243F3-0E6F-4B14-980A-3FF63F4B93FB}.Release|Any CPU.Build.0 = Release|Any CPU
	EndGlobalSection
EndGlobal
